
Microsoft Visual Studio Solution File, Format Version 12.00
# Visual Studio Version 17
VisualStudioVersion = 17.5.002.0
MinimumVisualStudioVersion = 10.0.40219.1
Project("{9A19103F-16F7-4668-BE54-9A1E7A4F7556}") = "LegendaryGuacamole.ConsoleApp", "LegendaryGuacamole.ConsoleApp\LegendaryGuacamole.ConsoleApp.csproj", "{5160C5FE-D3E7-4765-BF2C-D9E354B9A864}"
EndProject
Project("{9A19103F-16F7-4668-BE54-9A1E7A4F7556}") = "LegendaryGuacamole.Models", "LegendaryGuacamole.Models\LegendaryGuacamole.Models.csproj", "{B5A0F12E-C399-4A49-B9B0-DBFCC6A1E704}"
EndProject
Project("{9A19103F-16F7-4668-BE54-9A1E7A4F7556}") = "LegendaryGuacamole.WebApi", "LegendaryGuacamole.WebApi\LegendaryGuacamole.WebApi.csproj", "{6E052342-99C6-4207-AF21-583D3EE432DB}"
EndProject
Global
	GlobalSection(SolutionConfigurationPlatforms) = preSolution
		Debug|Any CPU = Debug|Any CPU
		Release|Any CPU = Release|Any CPU
	EndGlobalSection
	GlobalSection(ProjectConfigurationPlatforms) = postSolution
		{5160C5FE-D3E7-4765-BF2C-D9E354B9A864}.Debug|Any CPU.ActiveCfg = Debug|Any CPU
		{5160C5FE-D3E7-4765-BF2C-D9E354B9A864}.Debug|Any CPU.Build.0 = Debug|Any CPU
		{5160C5FE-D3E7-4765-BF2C-D9E354B9A864}.Release|Any CPU.ActiveCfg = Release|Any CPU
		{5160C5FE-D3E7-4765-BF2C-D9E354B9A864}.Release|Any CPU.Build.0 = Release|Any CPU
		{B5A0F12E-C399-4A49-B9B0-DBFCC6A1E704}.Debug|Any CPU.ActiveCfg = Debug|Any CPU
		{B5A0F12E-C399-4A49-B9B0-DBFCC6A1E704}.Debug|Any CPU.Build.0 = Debug|Any CPU
		{B5A0F12E-C399-4A49-B9B0-DBFCC6A1E704}.Release|Any CPU.ActiveCfg = Release|Any CPU
		{B5A0F12E-C399-4A49-B9B0-DBFCC6A1E704}.Release|Any CPU.Build.0 = Release|Any CPU
		{6E052342-99C6-4207-AF21-583D3EE432DB}.Debug|Any CPU.ActiveCfg = Debug|Any CPU
		{6E052342-99C6-4207-AF21-583D3EE432DB}.Debug|Any CPU.Build.0 = Debug|Any CPU
		{6E052342-99C6-4207-AF21-583D3EE432DB}.Release|Any CPU.ActiveCfg = Release|Any CPU
		{6E052342-99C6-4207-AF21-583D3EE432DB}.Release|Any CPU.Build.0 = Release|Any CPU
	EndGlobalSection
	GlobalSection(SolutionProperties) = preSolution
		HideSolutionNode = FALSE
	EndGlobalSection
	GlobalSection(ExtensibilityGlobals) = postSolution
		SolutionGuid = {95F8424E-935B-4986-B97A-70B5388438A2}
	EndGlobalSection
EndGlobal
