
Microsoft Visual Studio Solution File, Format Version 12.00
# Visual Studio Version 17
VisualStudioVersion = 17.5.002.0
MinimumVisualStudioVersion = 10.0.40219.1
Project("{2150E333-8FDC-42A3-9474-1A3956D46DE8}") = "WebApi", "WebApi", "{9EC00FC3-65C7-48BA-9F59-3E7C6592115C}"
EndProject
Project("{9A19103F-16F7-4668-BE54-9A1E7A4F7556}") = "LegendaryGuacamole.WebApi", "WebApi\LegendaryGuacamole.WebApi\LegendaryGuacamole.WebApi.csproj", "{DA62F592-8C25-4AE6-86DB-77B1467EBE14}"
EndProject
Global
	GlobalSection(SolutionConfigurationPlatforms) = preSolution
		Debug|Any CPU = Debug|Any CPU
		Release|Any CPU = Release|Any CPU
	EndGlobalSection
	GlobalSection(ProjectConfigurationPlatforms) = postSolution
		{DA62F592-8C25-4AE6-86DB-77B1467EBE14}.Debug|Any CPU.ActiveCfg = Debug|Any CPU
		{DA62F592-8C25-4AE6-86DB-77B1467EBE14}.Debug|Any CPU.Build.0 = Debug|Any CPU
		{DA62F592-8C25-4AE6-86DB-77B1467EBE14}.Release|Any CPU.ActiveCfg = Release|Any CPU
		{DA62F592-8C25-4AE6-86DB-77B1467EBE14}.Release|Any CPU.Build.0 = Release|Any CPU
	EndGlobalSection
	GlobalSection(SolutionProperties) = preSolution
		HideSolutionNode = FALSE
	EndGlobalSection
	GlobalSection(NestedProjects) = preSolution
		{DA62F592-8C25-4AE6-86DB-77B1467EBE14} = {9EC00FC3-65C7-48BA-9F59-3E7C6592115C}
	EndGlobalSection
	GlobalSection(ExtensibilityGlobals) = postSolution
		SolutionGuid = {C2047DB7-9903-4943-986F-C92EC7D83AA1}
	EndGlobalSection
EndGlobal
